// !$*UTF8*$!
{
	archiveVersion = 1;
	classes = {
	};
	objectVersion = 52;
	objects = {

/* Begin PBXBuildFile section */
		BE08658C257385EB00173040 /* CustomTabSwitcher.swift in Sources */ = {isa = PBXBuildFile; fileRef = BE08658B257385EB00173040 /* CustomTabSwitcher.swift */; };
		BE215ECC25725CA200BDF01D /* BuildNetflixAppApp.swift in Sources */ = {isa = PBXBuildFile; fileRef = BE215ECB25725CA200BDF01D /* BuildNetflixAppApp.swift */; };
		BE215ECE25725CA200BDF01D /* ContentView.swift in Sources */ = {isa = PBXBuildFile; fileRef = BE215ECD25725CA200BDF01D /* ContentView.swift */; };
		BE215ED025725CA400BDF01D /* Assets.xcassets in Resources */ = {isa = PBXBuildFile; fileRef = BE215ECF25725CA400BDF01D /* Assets.xcassets */; };
		BE215ED325725CA400BDF01D /* Preview Assets.xcassets in Resources */ = {isa = PBXBuildFile; fileRef = BE215ED225725CA400BDF01D /* Preview Assets.xcassets */; };
		BE33D8A72573974B00B62A28 /* TrailersListView.swift in Sources */ = {isa = PBXBuildFile; fileRef = BE33D8A62573974B00B62A28 /* TrailersListView.swift */; };
		BE33D8AA2573975500B62A28 /* Trailer.swift in Sources */ = {isa = PBXBuildFile; fileRef = BE33D8A92573975500B62A28 /* Trailer.swift */; };
		BE33D8AD2573979000B62A28 /* SwiftUIVideoView.swift in Sources */ = {isa = PBXBuildFile; fileRef = BE33D8AC2573979000B62A28 /* SwiftUIVideoView.swift */; };
		BE33D8B12573984600B62A28 /* VideoPreviewImage.swift in Sources */ = {isa = PBXBuildFile; fileRef = BE33D8B02573984600B62A28 /* VideoPreviewImage.swift */; };
		BE33D8B62573A6EF00B62A28 /* EpisodesView.swift in Sources */ = {isa = PBXBuildFile; fileRef = BE33D8B52573A6EF00B62A28 /* EpisodesView.swift */; };
		BE33D8BA2573B7BF00B62A28 /* HomeStack.swift in Sources */ = {isa = PBXBuildFile; fileRef = BE33D8B92573B7BF00B62A28 /* HomeStack.swift */; };
		BE4B9A2825725D1A007BAAFD /* HomeView.swift in Sources */ = {isa = PBXBuildFile; fileRef = BE4B9A2725725D1A007BAAFD /* HomeView.swift */; };
		BE4B9A2C257260EA007BAAFD /* KingfisherSwiftUI in Frameworks */ = {isa = PBXBuildFile; productRef = BE4B9A2B257260EA007BAAFD /* KingfisherSwiftUI */; };
		BE4B9A2F2572632D007BAAFD /* Movie.swift in Sources */ = {isa = PBXBuildFile; fileRef = BE4B9A2E2572632D007BAAFD /* Movie.swift */; };
		BE4B9A3225726377007BAAFD /* StandardHomeMovie.swift in Sources */ = {isa = PBXBuildFile; fileRef = BE4B9A3125726377007BAAFD /* StandardHomeMovie.swift */; };
		BE4B9A35257263CB007BAAFD /* GlobalHelpers.swift in Sources */ = {isa = PBXBuildFile; fileRef = BE4B9A34257263CB007BAAFD /* GlobalHelpers.swift */; };
		BE4B9A3825726556007BAAFD /* HomeViewModel.swift in Sources */ = {isa = PBXBuildFile; fileRef = BE4B9A3725726556007BAAFD /* HomeViewModel.swift */; };
		BE4B9A3B25728714007BAAFD /* TopMoviePreview.swift in Sources */ = {isa = PBXBuildFile; fileRef = BE4B9A3A25728714007BAAFD /* TopMoviePreview.swift */; };
		BE6B8AE925728B820000B901 /* SmallVerticalButton.swift in Sources */ = {isa = PBXBuildFile; fileRef = BE6B8AE825728B820000B901 /* SmallVerticalButton.swift */; };
		BE882C1625737CCB00C1127C /* Episode.swift in Sources */ = {isa = PBXBuildFile; fileRef = BE882C1525737CCB00C1127C /* Episode.swift */; };
		BE967916257373AA00E5543F /* MovieDetailView.swift in Sources */ = {isa = PBXBuildFile; fileRef = BE967915257373AA00E5543F /* MovieDetailView.swift */; };
		BED7279725729FB500DDF609 /* PlayButton.swift in Sources */ = {isa = PBXBuildFile; fileRef = BED7279625729FB500DDF609 /* PlayButton.swift */; };
		BEEBA8BB25739415006FEB76 /* MoreLikeThisView.swift in Sources */ = {isa = PBXBuildFile; fileRef = BEEBA8BA25739415006FEB76 /* MoreLikeThisView.swift */; };
/* End PBXBuildFile section */

/* Begin PBXFileReference section */
		BE08658B257385EB00173040 /* CustomTabSwitcher.swift */ = {isa = PBXFileReference; lastKnownFileType = sourcecode.swift; path = CustomTabSwitcher.swift; sourceTree = "<group>"; };
		BE215EC825725CA200BDF01D /* BuildNetflixApp.app */ = {isa = PBXFileReference; explicitFileType = wrapper.application; includeInIndex = 0; path = BuildNetflixApp.app; sourceTree = BUILT_PRODUCTS_DIR; };
		BE215ECB25725CA200BDF01D /* BuildNetflixAppApp.swift */ = {isa = PBXFileReference; lastKnownFileType = sourcecode.swift; path = BuildNetflixAppApp.swift; sourceTree = "<group>"; };
		BE215ECD25725CA200BDF01D /* ContentView.swift */ = {isa = PBXFileReference; lastKnownFileType = sourcecode.swift; path = ContentView.swift; sourceTree = "<group>"; };
		BE215ECF25725CA400BDF01D /* Assets.xcassets */ = {isa = PBXFileReference; lastKnownFileType = folder.assetcatalog; path = Assets.xcassets; sourceTree = "<group>"; };
		BE215ED225725CA400BDF01D /* Preview Assets.xcassets */ = {isa = PBXFileReference; lastKnownFileType = folder.assetcatalog; path = "Preview Assets.xcassets"; sourceTree = "<group>"; };
		BE215ED425725CA400BDF01D /* Info.plist */ = {isa = PBXFileReference; lastKnownFileType = text.plist.xml; path = Info.plist; sourceTree = "<group>"; };
		BE33D8A62573974B00B62A28 /* TrailersListView.swift */ = {isa = PBXFileReference; lastKnownFileType = sourcecode.swift; path = TrailersListView.swift; sourceTree = "<group>"; };
		BE33D8A92573975500B62A28 /* Trailer.swift */ = {isa = PBXFileReference; lastKnownFileType = sourcecode.swift; path = Trailer.swift; sourceTree = "<group>"; };
		BE33D8AC2573979000B62A28 /* SwiftUIVideoView.swift */ = {isa = PBXFileReference; lastKnownFileType = sourcecode.swift; path = SwiftUIVideoView.swift; sourceTree = "<group>"; };
		BE33D8B02573984600B62A28 /* VideoPreviewImage.swift */ = {isa = PBXFileReference; lastKnownFileType = sourcecode.swift; path = VideoPreviewImage.swift; sourceTree = "<group>"; };
		BE33D8B52573A6EF00B62A28 /* EpisodesView.swift */ = {isa = PBXFileReference; lastKnownFileType = sourcecode.swift; path = EpisodesView.swift; sourceTree = "<group>"; };
		BE33D8B92573B7BF00B62A28 /* HomeStack.swift */ = {isa = PBXFileReference; lastKnownFileType = sourcecode.swift; path = HomeStack.swift; sourceTree = "<group>"; };
		BE4B9A2725725D1A007BAAFD /* HomeView.swift */ = {isa = PBXFileReference; lastKnownFileType = sourcecode.swift; path = HomeView.swift; sourceTree = "<group>"; };
		BE4B9A2E2572632D007BAAFD /* Movie.swift */ = {isa = PBXFileReference; lastKnownFileType = sourcecode.swift; path = Movie.swift; sourceTree = "<group>"; };
		BE4B9A3125726377007BAAFD /* StandardHomeMovie.swift */ = {isa = PBXFileReference; lastKnownFileType = sourcecode.swift; path = StandardHomeMovie.swift; sourceTree = "<group>"; };
		BE4B9A34257263CB007BAAFD /* GlobalHelpers.swift */ = {isa = PBXFileReference; lastKnownFileType = sourcecode.swift; path = GlobalHelpers.swift; sourceTree = "<group>"; };
		BE4B9A3725726556007BAAFD /* HomeViewModel.swift */ = {isa = PBXFileReference; lastKnownFileType = sourcecode.swift; path = HomeViewModel.swift; sourceTree = "<group>"; };
		BE4B9A3A25728714007BAAFD /* TopMoviePreview.swift */ = {isa = PBXFileReference; lastKnownFileType = sourcecode.swift; path = TopMoviePreview.swift; sourceTree = "<group>"; };
		BE6B8AE825728B820000B901 /* SmallVerticalButton.swift */ = {isa = PBXFileReference; lastKnownFileType = sourcecode.swift; path = SmallVerticalButton.swift; sourceTree = "<group>"; };
		BE882C1525737CCB00C1127C /* Episode.swift */ = {isa = PBXFileReference; lastKnownFileType = sourcecode.swift; path = Episode.swift; sourceTree = "<group>"; };
		BE967915257373AA00E5543F /* MovieDetailView.swift */ = {isa = PBXFileReference; lastKnownFileType = sourcecode.swift; path = MovieDetailView.swift; sourceTree = "<group>"; };
		BED7279625729FB500DDF609 /* PlayButton.swift */ = {isa = PBXFileReference; lastKnownFileType = sourcecode.swift; path = PlayButton.swift; sourceTree = "<group>"; };
		BEEBA8BA25739415006FEB76 /* MoreLikeThisView.swift */ = {isa = PBXFileReference; lastKnownFileType = sourcecode.swift; path = MoreLikeThisView.swift; sourceTree = "<group>"; };
/* End PBXFileReference section */

/* Begin PBXFrameworksBuildPhase section */
		BE215EC525725CA200BDF01D /* Frameworks */ = {
			isa = PBXFrameworksBuildPhase;
			buildActionMask = 2147483647;
			files = (
				BE4B9A2C257260EA007BAAFD /* KingfisherSwiftUI in Frameworks */,
			);
			runOnlyForDeploymentPostprocessing = 0;
		};
/* End PBXFrameworksBuildPhase section */

/* Begin PBXGroup section */
		BE215EBF25725CA200BDF01D = {
			isa = PBXGroup;
			children = (
				BE215ECA25725CA200BDF01D /* BuildNetflixApp */,
				BE215EC925725CA200BDF01D /* Products */,
			);
			sourceTree = "<group>";
		};
		BE215EC925725CA200BDF01D /* Products */ = {
			isa = PBXGroup;
			children = (
				BE215EC825725CA200BDF01D /* BuildNetflixApp.app */,
			);
			name = Products;
			sourceTree = "<group>";
		};
		BE215ECA25725CA200BDF01D /* BuildNetflixApp */ = {
			isa = PBXGroup;
			children = (
				BE33D8AF2573983600B62A28 /* VideoPlayer */,
				BE96791A2573741600E5543F /* Helper */,
				BE9679192573740D00E5543F /* Model */,
				BE9679142573739100E5543F /* MovieDetail */,
				BE9679132573737800E5543F /* Home */,
				BE215ECB25725CA200BDF01D /* BuildNetflixAppApp.swift */,
				BE215ECD25725CA200BDF01D /* ContentView.swift */,
				BE215ECF25725CA400BDF01D /* Assets.xcassets */,
				BE215ED425725CA400BDF01D /* Info.plist */,
				BE215ED125725CA400BDF01D /* Preview Content */,
			);
			path = BuildNetflixApp;
			sourceTree = "<group>";
		};
		BE215ED125725CA400BDF01D /* Preview Content */ = {
			isa = PBXGroup;
			children = (
				BE215ED225725CA400BDF01D /* Preview Assets.xcassets */,
			);
			path = "Preview Content";
			sourceTree = "<group>";
		};
		BE33D8AF2573983600B62A28 /* VideoPlayer */ = {
			isa = PBXGroup;
			children = (
				BE33D8AC2573979000B62A28 /* SwiftUIVideoView.swift */,
				BE33D8B02573984600B62A28 /* VideoPreviewImage.swift */,
			);
			path = VideoPlayer;
			sourceTree = "<group>";
		};
		BE9679132573737800E5543F /* Home */ = {
			isa = PBXGroup;
			children = (
				BE4B9A2725725D1A007BAAFD /* HomeView.swift */,
				BE4B9A3725726556007BAAFD /* HomeViewModel.swift */,
				BED7279625729FB500DDF609 /* PlayButton.swift */,
				BE4B9A3A25728714007BAAFD /* TopMoviePreview.swift */,
				BE6B8AE825728B820000B901 /* SmallVerticalButton.swift */,
				BE4B9A3125726377007BAAFD /* StandardHomeMovie.swift */,
				BE33D8B92573B7BF00B62A28 /* HomeStack.swift */,
			);
			path = Home;
			sourceTree = "<group>";
		};
		BE9679142573739100E5543F /* MovieDetail */ = {
			isa = PBXGroup;
			children = (
				BE967915257373AA00E5543F /* MovieDetailView.swift */,
				BE08658B257385EB00173040 /* CustomTabSwitcher.swift */,
				BE33D8B52573A6EF00B62A28 /* EpisodesView.swift */,
				BE33D8A62573974B00B62A28 /* TrailersListView.swift */,
				BEEBA8BA25739415006FEB76 /* MoreLikeThisView.swift */,
			);
			path = MovieDetail;
			sourceTree = "<group>";
		};
		BE9679192573740D00E5543F /* Model */ = {
			isa = PBXGroup;
			children = (
				BE4B9A2E2572632D007BAAFD /* Movie.swift */,
				BE882C1525737CCB00C1127C /* Episode.swift */,
				BE33D8A92573975500B62A28 /* Trailer.swift */,
			);
			path = Model;
			sourceTree = "<group>";
		};
		BE96791A2573741600E5543F /* Helper */ = {
			isa = PBXGroup;
			children = (
				BE4B9A34257263CB007BAAFD /* GlobalHelpers.swift */,
			);
			path = Helper;
			sourceTree = "<group>";
		};
/* End PBXGroup section */

/* Begin PBXNativeTarget section */
		BE215EC725725CA200BDF01D /* BuildNetflixApp */ = {
			isa = PBXNativeTarget;
			buildConfigurationList = BE215ED725725CA400BDF01D /* Build configuration list for PBXNativeTarget "BuildNetflixApp" */;
			buildPhases = (
				BE215EC425725CA200BDF01D /* Sources */,
				BE215EC525725CA200BDF01D /* Frameworks */,
				BE215EC625725CA200BDF01D /* Resources */,
			);
			buildRules = (
			);
			dependencies = (
			);
			name = BuildNetflixApp;
			packageProductDependencies = (
				BE4B9A2B257260EA007BAAFD /* KingfisherSwiftUI */,
			);
			productName = BuildNetflixApp;
			productReference = BE215EC825725CA200BDF01D /* BuildNetflixApp.app */;
			productType = "com.apple.product-type.application";
		};
/* End PBXNativeTarget section */

/* Begin PBXProject section */
		BE215EC025725CA200BDF01D /* Project object */ = {
			isa = PBXProject;
			attributes = {
				LastSwiftUpdateCheck = 1220;
				LastUpgradeCheck = 1220;
				TargetAttributes = {
					BE215EC725725CA200BDF01D = {
						CreatedOnToolsVersion = 12.2;
					};
				};
			};
			buildConfigurationList = BE215EC325725CA200BDF01D /* Build configuration list for PBXProject "BuildNetflixApp" */;
			compatibilityVersion = "Xcode 9.3";
			developmentRegion = en;
			hasScannedForEncodings = 0;
			knownRegions = (
				en,
				Base,
			);
			mainGroup = BE215EBF25725CA200BDF01D;
			packageReferences = (
				BE4B9A2A257260EA007BAAFD /* XCRemoteSwiftPackageReference "Kingfisher" */,
			);
			productRefGroup = BE215EC925725CA200BDF01D /* Products */;
			projectDirPath = "";
			projectRoot = "";
			targets = (
				BE215EC725725CA200BDF01D /* BuildNetflixApp */,
			);
		};
/* End PBXProject section */

/* Begin PBXResourcesBuildPhase section */
		BE215EC625725CA200BDF01D /* Resources */ = {
			isa = PBXResourcesBuildPhase;
			buildActionMask = 2147483647;
			files = (
				BE215ED325725CA400BDF01D /* Preview Assets.xcassets in Resources */,
				BE215ED025725CA400BDF01D /* Assets.xcassets in Resources */,
			);
			runOnlyForDeploymentPostprocessing = 0;
		};
/* End PBXResourcesBuildPhase section */

/* Begin PBXSourcesBuildPhase section */
		BE215EC425725CA200BDF01D /* Sources */ = {
			isa = PBXSourcesBuildPhase;
			buildActionMask = 2147483647;
			files = (
				BE33D8B62573A6EF00B62A28 /* EpisodesView.swift in Sources */,
				BE33D8AD2573979000B62A28 /* SwiftUIVideoView.swift in Sources */,
				BE4B9A35257263CB007BAAFD /* GlobalHelpers.swift in Sources */,
				BE882C1625737CCB00C1127C /* Episode.swift in Sources */,
				BE4B9A2825725D1A007BAAFD /* HomeView.swift in Sources */,
				BE33D8B12573984600B62A28 /* VideoPreviewImage.swift in Sources */,
				BE4B9A3825726556007BAAFD /* HomeViewModel.swift in Sources */,
				BEEBA8BB25739415006FEB76 /* MoreLikeThisView.swift in Sources */,
				BE215ECE25725CA200BDF01D /* ContentView.swift in Sources */,
				BE4B9A3225726377007BAAFD /* StandardHomeMovie.swift in Sources */,
				BE4B9A3B25728714007BAAFD /* TopMoviePreview.swift in Sources */,
				BE4B9A2F2572632D007BAAFD /* Movie.swift in Sources */,
				BE215ECC25725CA200BDF01D /* BuildNetflixAppApp.swift in Sources */,
				BE33D8BA2573B7BF00B62A28 /* HomeStack.swift in Sources */,
				BE08658C257385EB00173040 /* CustomTabSwitcher.swift in Sources */,
				BE33D8AA2573975500B62A28 /* Trailer.swift in Sources */,
				BE33D8A72573974B00B62A28 /* TrailersListView.swift in Sources */,
				BE6B8AE925728B820000B901 /* SmallVerticalButton.swift in Sources */,
				BED7279725729FB500DDF609 /* PlayButton.swift in Sources */,
				BE967916257373AA00E5543F /* MovieDetailView.swift in Sources */,
			);
			runOnlyForDeploymentPostprocessing = 0;
		};
/* End PBXSourcesBuildPhase section */

/* Begin XCBuildConfiguration section */
		BE215ED525725CA400BDF01D /* Debug */ = {
			isa = XCBuildConfiguration;
			buildSettings = {
				ALWAYS_SEARCH_USER_PATHS = NO;
				CLANG_ANALYZER_NONNULL = YES;
				CLANG_ANALYZER_NUMBER_OBJECT_CONVERSION = YES_AGGRESSIVE;
				CLANG_CXX_LANGUAGE_STANDARD = "gnu++14";
				CLANG_CXX_LIBRARY = "libc++";
				CLANG_ENABLE_MODULES = YES;
				CLANG_ENABLE_OBJC_ARC = YES;
				CLANG_ENABLE_OBJC_WEAK = YES;
				CLANG_WARN_BLOCK_CAPTURE_AUTORELEASING = YES;
				CLANG_WARN_BOOL_CONVERSION = YES;
				CLANG_WARN_COMMA = YES;
				CLANG_WARN_CONSTANT_CONVERSION = YES;
				CLANG_WARN_DEPRECATED_OBJC_IMPLEMENTATIONS = YES;
				CLANG_WARN_DIRECT_OBJC_ISA_USAGE = YES_ERROR;
				CLANG_WARN_DOCUMENTATION_COMMENTS = YES;
				CLANG_WARN_EMPTY_BODY = YES;
				CLANG_WARN_ENUM_CONVERSION = YES;
				CLANG_WARN_INFINITE_RECURSION = YES;
				CLANG_WARN_INT_CONVERSION = YES;
				CLANG_WARN_NON_LITERAL_NULL_CONVERSION = YES;
				CLANG_WARN_OBJC_IMPLICIT_RETAIN_SELF = YES;
				CLANG_WARN_OBJC_LITERAL_CONVERSION = YES;
				CLANG_WARN_OBJC_ROOT_CLASS = YES_ERROR;
				CLANG_WARN_QUOTED_INCLUDE_IN_FRAMEWORK_HEADER = YES;
				CLANG_WARN_RANGE_LOOP_ANALYSIS = YES;
				CLANG_WARN_STRICT_PROTOTYPES = YES;
				CLANG_WARN_SUSPICIOUS_MOVE = YES;
				CLANG_WARN_UNGUARDED_AVAILABILITY = YES_AGGRESSIVE;
				CLANG_WARN_UNREACHABLE_CODE = YES;
				CLANG_WARN__DUPLICATE_METHOD_MATCH = YES;
				COPY_PHASE_STRIP = NO;
				DEBUG_INFORMATION_FORMAT = dwarf;
				ENABLE_STRICT_OBJC_MSGSEND = YES;
				ENABLE_TESTABILITY = YES;
				GCC_C_LANGUAGE_STANDARD = gnu11;
				GCC_DYNAMIC_NO_PIC = NO;
				GCC_NO_COMMON_BLOCKS = YES;
				GCC_OPTIMIZATION_LEVEL = 0;
				GCC_PREPROCESSOR_DEFINITIONS = (
					"DEBUG=1",
					"$(inherited)",
				);
				GCC_WARN_64_TO_32_BIT_CONVERSION = YES;
				GCC_WARN_ABOUT_RETURN_TYPE = YES_ERROR;
				GCC_WARN_UNDECLARED_SELECTOR = YES;
				GCC_WARN_UNINITIALIZED_AUTOS = YES_AGGRESSIVE;
				GCC_WARN_UNUSED_FUNCTION = YES;
				GCC_WARN_UNUSED_VARIABLE = YES;
				IPHONEOS_DEPLOYMENT_TARGET = 14.2;
				MTL_ENABLE_DEBUG_INFO = INCLUDE_SOURCE;
				MTL_FAST_MATH = YES;
				ONLY_ACTIVE_ARCH = YES;
				SDKROOT = iphoneos;
				SWIFT_ACTIVE_COMPILATION_CONDITIONS = DEBUG;
				SWIFT_OPTIMIZATION_LEVEL = "-Onone";
			};
			name = Debug;
		};
		BE215ED625725CA400BDF01D /* Release */ = {
			isa = XCBuildConfiguration;
			buildSettings = {
				ALWAYS_SEARCH_USER_PATHS = NO;
				CLANG_ANALYZER_NONNULL = YES;
				CLANG_ANALYZER_NUMBER_OBJECT_CONVERSION = YES_AGGRESSIVE;
				CLANG_CXX_LANGUAGE_STANDARD = "gnu++14";
				CLANG_CXX_LIBRARY = "libc++";
				CLANG_ENABLE_MODULES = YES;
				CLANG_ENABLE_OBJC_ARC = YES;
				CLANG_ENABLE_OBJC_WEAK = YES;
				CLANG_WARN_BLOCK_CAPTURE_AUTORELEASING = YES;
				CLANG_WARN_BOOL_CONVERSION = YES;
				CLANG_WARN_COMMA = YES;
				CLANG_WARN_CONSTANT_CONVERSION = YES;
				CLANG_WARN_DEPRECATED_OBJC_IMPLEMENTATIONS = YES;
				CLANG_WARN_DIRECT_OBJC_ISA_USAGE = YES_ERROR;
				CLANG_WARN_DOCUMENTATION_COMMENTS = YES;
				CLANG_WARN_EMPTY_BODY = YES;
				CLANG_WARN_ENUM_CONVERSION = YES;
				CLANG_WARN_INFINITE_RECURSION = YES;
				CLANG_WARN_INT_CONVERSION = YES;
				CLANG_WARN_NON_LITERAL_NULL_CONVERSION = YES;
				CLANG_WARN_OBJC_IMPLICIT_RETAIN_SELF = YES;
				CLANG_WARN_OBJC_LITERAL_CONVERSION = YES;
				CLANG_WARN_OBJC_ROOT_CLASS = YES_ERROR;
				CLANG_WARN_QUOTED_INCLUDE_IN_FRAMEWORK_HEADER = YES;
				CLANG_WARN_RANGE_LOOP_ANALYSIS = YES;
				CLANG_WARN_STRICT_PROTOTYPES = YES;
				CLANG_WARN_SUSPICIOUS_MOVE = YES;
				CLANG_WARN_UNGUARDED_AVAILABILITY = YES_AGGRESSIVE;
				CLANG_WARN_UNREACHABLE_CODE = YES;
				CLANG_WARN__DUPLICATE_METHOD_MATCH = YES;
				COPY_PHASE_STRIP = NO;
				DEBUG_INFORMATION_FORMAT = "dwarf-with-dsym";
				ENABLE_NS_ASSERTIONS = NO;
				ENABLE_STRICT_OBJC_MSGSEND = YES;
				GCC_C_LANGUAGE_STANDARD = gnu11;
				GCC_NO_COMMON_BLOCKS = YES;
				GCC_WARN_64_TO_32_BIT_CONVERSION = YES;
				GCC_WARN_ABOUT_RETURN_TYPE = YES_ERROR;
				GCC_WARN_UNDECLARED_SELECTOR = YES;
				GCC_WARN_UNINITIALIZED_AUTOS = YES_AGGRESSIVE;
				GCC_WARN_UNUSED_FUNCTION = YES;
				GCC_WARN_UNUSED_VARIABLE = YES;
				IPHONEOS_DEPLOYMENT_TARGET = 14.2;
				MTL_ENABLE_DEBUG_INFO = NO;
				MTL_FAST_MATH = YES;
				SDKROOT = iphoneos;
				SWIFT_COMPILATION_MODE = wholemodule;
				SWIFT_OPTIMIZATION_LEVEL = "-O";
				VALIDATE_PRODUCT = YES;
			};
			name = Release;
		};
		BE215ED825725CA400BDF01D /* Debug */ = {
			isa = XCBuildConfiguration;
			buildSettings = {
				ASSETCATALOG_COMPILER_APPICON_NAME = AppIcon;
				ASSETCATALOG_COMPILER_GLOBAL_ACCENT_COLOR_NAME = AccentColor;
				CODE_SIGN_STYLE = Automatic;
				DEVELOPMENT_ASSET_PATHS = "\"BuildNetflixApp/Preview Content\"";
				DEVELOPMENT_TEAM = 42943HMML4;
				ENABLE_PREVIEWS = YES;
				INFOPLIST_FILE = BuildNetflixApp/Info.plist;
				IPHONEOS_DEPLOYMENT_TARGET = 14.0;
				LD_RUNPATH_SEARCH_PATHS = (
					"$(inherited)",
					"@executable_path/Frameworks",
				);
				PRODUCT_BUNDLE_IDENTIFIER = com.chuysan.BuildNetflixApp;
				PRODUCT_NAME = "$(TARGET_NAME)";
				SWIFT_VERSION = 5.0;
				TARGETED_DEVICE_FAMILY = "1,2";
			};
			name = Debug;
		};
		BE215ED925725CA400BDF01D /* Release */ = {
			isa = XCBuildConfiguration;
			buildSettings = {
				ASSETCATALOG_COMPILER_APPICON_NAME = AppIcon;
				ASSETCATALOG_COMPILER_GLOBAL_ACCENT_COLOR_NAME = AccentColor;
				CODE_SIGN_STYLE = Automatic;
				DEVELOPMENT_ASSET_PATHS = "\"BuildNetflixApp/Preview Content\"";
				DEVELOPMENT_TEAM = 42943HMML4;
				ENABLE_PREVIEWS = YES;
				INFOPLIST_FILE = BuildNetflixApp/Info.plist;
				IPHONEOS_DEPLOYMENT_TARGET = 14.0;
				LD_RUNPATH_SEARCH_PATHS = (
					"$(inherited)",
					"@executable_path/Frameworks",
				);
				PRODUCT_BUNDLE_IDENTIFIER = com.chuysan.BuildNetflixApp;
				PRODUCT_NAME = "$(TARGET_NAME)";
				SWIFT_VERSION = 5.0;
				TARGETED_DEVICE_FAMILY = "1,2";
			};
			name = Release;
		};
/* End XCBuildConfiguration section */

/* Begin XCConfigurationList section */
		BE215EC325725CA200BDF01D /* Build configuration list for PBXProject "BuildNetflixApp" */ = {
			isa = XCConfigurationList;
			buildConfigurations = (
				BE215ED525725CA400BDF01D /* Debug */,
				BE215ED625725CA400BDF01D /* Release */,
			);
			defaultConfigurationIsVisible = 0;
			defaultConfigurationName = Release;
		};
		BE215ED725725CA400BDF01D /* Build configuration list for PBXNativeTarget "BuildNetflixApp" */ = {
			isa = XCConfigurationList;
			buildConfigurations = (
				BE215ED825725CA400BDF01D /* Debug */,
				BE215ED925725CA400BDF01D /* Release */,
			);
			defaultConfigurationIsVisible = 0;
			defaultConfigurationName = Release;
		};
/* End XCConfigurationList section */

/* Begin XCRemoteSwiftPackageReference section */
		BE4B9A2A257260EA007BAAFD /* XCRemoteSwiftPackageReference "Kingfisher" */ = {
			isa = XCRemoteSwiftPackageReference;
			repositoryURL = "https://github.com/onevcat/Kingfisher";
			requirement = {
				kind = upToNextMajorVersion;
				minimumVersion = 5.15.8;
			};
		};
/* End XCRemoteSwiftPackageReference section */

/* Begin XCSwiftPackageProductDependency section */
		BE4B9A2B257260EA007BAAFD /* KingfisherSwiftUI */ = {
			isa = XCSwiftPackageProductDependency;
			package = BE4B9A2A257260EA007BAAFD /* XCRemoteSwiftPackageReference "Kingfisher" */;
			productName = KingfisherSwiftUI;
		};
/* End XCSwiftPackageProductDependency section */
	};
	rootObject = BE215EC025725CA200BDF01D /* Project object */;
}
